
Microsoft Visual Studio Solution File, Format Version 12.00
# Visual Studio 15
VisualStudioVersion = 15.0.28307.779
MinimumVisualStudioVersion = 10.0.40219.1
Project("{FAE04EC0-301F-11D3-BF4B-00C04F79EFBC}") = "LabClases1", "LabClases1\LabClases1.csproj", "{D6695454-2B87-4560-8AB1-2DC278DB3EB5}"
EndProject
Project("{FAE04EC0-301F-11D3-BF4B-00C04F79EFBC}") = "ClassLibrary1", "ClassLibrary1\ClassLibrary1.csproj", "{DA0359AC-EE37-4774-AC08-FCC4F127D971}"
EndProject
Global
	GlobalSection(SolutionConfigurationPlatforms) = preSolution
		Debug|Any CPU = Debug|Any CPU
		Release|Any CPU = Release|Any CPU
	EndGlobalSection
	GlobalSection(ProjectConfigurationPlatforms) = postSolution
		{D6695454-2B87-4560-8AB1-2DC278DB3EB5}.Debug|Any CPU.ActiveCfg = Debug|Any CPU
		{D6695454-2B87-4560-8AB1-2DC278DB3EB5}.Debug|Any CPU.Build.0 = Debug|Any CPU
		{D6695454-2B87-4560-8AB1-2DC278DB3EB5}.Release|Any CPU.ActiveCfg = Release|Any CPU
		{D6695454-2B87-4560-8AB1-2DC278DB3EB5}.Release|Any CPU.Build.0 = Release|Any CPU
		{DA0359AC-EE37-4774-AC08-FCC4F127D971}.Debug|Any CPU.ActiveCfg = Debug|Any CPU
		{DA0359AC-EE37-4774-AC08-FCC4F127D971}.Debug|Any CPU.Build.0 = Debug|Any CPU
		{DA0359AC-EE37-4774-AC08-FCC4F127D971}.Release|Any CPU.ActiveCfg = Release|Any CPU
		{DA0359AC-EE37-4774-AC08-FCC4F127D971}.Release|Any CPU.Build.0 = Release|Any CPU
	EndGlobalSection
	GlobalSection(SolutionProperties) = preSolution
		HideSolutionNode = FALSE
	EndGlobalSection
	GlobalSection(ExtensibilityGlobals) = postSolution
		SolutionGuid = {5375CF7D-840A-44E8-96F4-CB213301490C}
	EndGlobalSection
EndGlobal
